
Microsoft Visual Studio Solution File, Format Version 12.00
# Visual Studio 15
VisualStudioVersion = 15.0.27428.2002
MinimumVisualStudioVersion = 10.0.40219.1
Project("{8BC9CEB8-8B4A-11D0-8D11-00A0C91BC942}") = "HelloSocket", "HelloSocket\HelloSocket.vcxproj", "{6BD204E8-C136-4819-A58E-67BCEA5B2E06}"
EndProject
Project("{8BC9CEB8-8B4A-11D0-8D11-00A0C91BC942}") = "EasyTcpServer", "EasyTcpServer\EasyTcpServer.vcxproj", "{03ACB195-D128-43FB-8AE7-3D7BFBC30414}"
EndProject
Project("{8BC9CEB8-8B4A-11D0-8D11-00A0C91BC942}") = "EasyTcpClient", "EasyTcpClient\EasyTcpClient.vcxproj", "{BDBAE473-3BE3-463E-BDBD-4E19BBB58469}"
EndProject
Project("{8BC9CEB8-8B4A-11D0-8D11-00A0C91BC942}") = "HelloThread", "HelloThread\HelloThread.vcxproj", "{E6BEA297-FA86-4F5E-AA65-15A646494765}"
EndProject
Project("{8BC9CEB8-8B4A-11D0-8D11-00A0C91BC942}") = "HelloMemory", "HelloMemory\HelloMemory.vcxproj", "{48F0C691-5262-46B6-B0AD-5608503B37B8}"
EndProject
Project("{8BC9CEB8-8B4A-11D0-8D11-00A0C91BC942}") = "HelloCpp", "HelloCpp\HelloCpp.vcxproj", "{44B17C69-5576-456C-93FA-C68136C52317}"
EndProject
Project("{8BC9CEB8-8B4A-11D0-8D11-00A0C91BC942}") = "CppNet100", "CppNet100\CppNet100.vcxproj", "{72BAFD03-51F8-449A-8313-528C4C1D36CD}"
EndProject
Global
	GlobalSection(SolutionConfigurationPlatforms) = preSolution
		Debug|x64 = Debug|x64
		Debug|x86 = Debug|x86
		Release|x64 = Release|x64
		Release|x86 = Release|x86
	EndGlobalSection
	GlobalSection(ProjectConfigurationPlatforms) = postSolution
		{6BD204E8-C136-4819-A58E-67BCEA5B2E06}.Debug|x64.ActiveCfg = Debug|x64
		{6BD204E8-C136-4819-A58E-67BCEA5B2E06}.Debug|x64.Build.0 = Debug|x64
		{6BD204E8-C136-4819-A58E-67BCEA5B2E06}.Debug|x86.ActiveCfg = Debug|Win32
		{6BD204E8-C136-4819-A58E-67BCEA5B2E06}.Debug|x86.Build.0 = Debug|Win32
		{6BD204E8-C136-4819-A58E-67BCEA5B2E06}.Release|x64.ActiveCfg = Release|x64
		{6BD204E8-C136-4819-A58E-67BCEA5B2E06}.Release|x64.Build.0 = Release|x64
		{6BD204E8-C136-4819-A58E-67BCEA5B2E06}.Release|x86.ActiveCfg = Release|Win32
		{6BD204E8-C136-4819-A58E-67BCEA5B2E06}.Release|x86.Build.0 = Release|Win32
		{03ACB195-D128-43FB-8AE7-3D7BFBC30414}.Debug|x64.ActiveCfg = Debug|x64
		{03ACB195-D128-43FB-8AE7-3D7BFBC30414}.Debug|x64.Build.0 = Debug|x64
		{03ACB195-D128-43FB-8AE7-3D7BFBC30414}.Debug|x86.ActiveCfg = Debug|Win32
		{03ACB195-D128-43FB-8AE7-3D7BFBC30414}.Debug|x86.Build.0 = Debug|Win32
		{03ACB195-D128-43FB-8AE7-3D7BFBC30414}.Release|x64.ActiveCfg = Release|x64
		{03ACB195-D128-43FB-8AE7-3D7BFBC30414}.Release|x64.Build.0 = Release|x64
		{03ACB195-D128-43FB-8AE7-3D7BFBC30414}.Release|x86.ActiveCfg = Release|Win32
		{03ACB195-D128-43FB-8AE7-3D7BFBC30414}.Release|x86.Build.0 = Release|Win32
		{BDBAE473-3BE3-463E-BDBD-4E19BBB58469}.Debug|x64.ActiveCfg = Debug|x64
		{BDBAE473-3BE3-463E-BDBD-4E19BBB58469}.Debug|x64.Build.0 = Debug|x64
		{BDBAE473-3BE3-463E-BDBD-4E19BBB58469}.Debug|x86.ActiveCfg = Debug|Win32
		{BDBAE473-3BE3-463E-BDBD-4E19BBB58469}.Debug|x86.Build.0 = Debug|Win32
		{BDBAE473-3BE3-463E-BDBD-4E19BBB58469}.Release|x64.ActiveCfg = Release|x64
		{BDBAE473-3BE3-463E-BDBD-4E19BBB58469}.Release|x64.Build.0 = Release|x64
		{BDBAE473-3BE3-463E-BDBD-4E19BBB58469}.Release|x86.ActiveCfg = Release|Win32
		{BDBAE473-3BE3-463E-BDBD-4E19BBB58469}.Release|x86.Build.0 = Release|Win32
		{E6BEA297-FA86-4F5E-AA65-15A646494765}.Debug|x64.ActiveCfg = Debug|x64
		{E6BEA297-FA86-4F5E-AA65-15A646494765}.Debug|x64.Build.0 = Debug|x64
		{E6BEA297-FA86-4F5E-AA65-15A646494765}.Debug|x86.ActiveCfg = Debug|Win32
		{E6BEA297-FA86-4F5E-AA65-15A646494765}.Debug|x86.Build.0 = Debug|Win32
		{E6BEA297-FA86-4F5E-AA65-15A646494765}.Release|x64.ActiveCfg = Release|x64
		{E6BEA297-FA86-4F5E-AA65-15A646494765}.Release|x64.Build.0 = Release|x64
		{E6BEA297-FA86-4F5E-AA65-15A646494765}.Release|x86.ActiveCfg = Release|Win32
		{E6BEA297-FA86-4F5E-AA65-15A646494765}.Release|x86.Build.0 = Release|Win32
		{48F0C691-5262-46B6-B0AD-5608503B37B8}.Debug|x64.ActiveCfg = Debug|x64
		{48F0C691-5262-46B6-B0AD-5608503B37B8}.Debug|x64.Build.0 = Debug|x64
		{48F0C691-5262-46B6-B0AD-5608503B37B8}.Debug|x86.ActiveCfg = Debug|Win32
		{48F0C691-5262-46B6-B0AD-5608503B37B8}.Debug|x86.Build.0 = Debug|Win32
		{48F0C691-5262-46B6-B0AD-5608503B37B8}.Release|x64.ActiveCfg = Release|x64
		{48F0C691-5262-46B6-B0AD-5608503B37B8}.Release|x64.Build.0 = Release|x64
		{48F0C691-5262-46B6-B0AD-5608503B37B8}.Release|x86.ActiveCfg = Release|Win32
		{48F0C691-5262-46B6-B0AD-5608503B37B8}.Release|x86.Build.0 = Release|Win32
		{44B17C69-5576-456C-93FA-C68136C52317}.Debug|x64.ActiveCfg = Debug|x64
		{44B17C69-5576-456C-93FA-C68136C52317}.Debug|x64.Build.0 = Debug|x64
		{44B17C69-5576-456C-93FA-C68136C52317}.Debug|x86.ActiveCfg = Debug|Win32
		{44B17C69-5576-456C-93FA-C68136C52317}.Debug|x86.Build.0 = Debug|Win32
		{44B17C69-5576-456C-93FA-C68136C52317}.Release|x64.ActiveCfg = Release|x64
		{44B17C69-5576-456C-93FA-C68136C52317}.Release|x64.Build.0 = Release|x64
		{44B17C69-5576-456C-93FA-C68136C52317}.Release|x86.ActiveCfg = Release|Win32
		{44B17C69-5576-456C-93FA-C68136C52317}.Release|x86.Build.0 = Release|Win32
		{72BAFD03-51F8-449A-8313-528C4C1D36CD}.Debug|x64.ActiveCfg = Debug|x64
		{72BAFD03-51F8-449A-8313-528C4C1D36CD}.Debug|x64.Build.0 = Debug|x64
		{72BAFD03-51F8-449A-8313-528C4C1D36CD}.Debug|x86.ActiveCfg = Debug|Win32
		{72BAFD03-51F8-449A-8313-528C4C1D36CD}.Debug|x86.Build.0 = Debug|Win32
		{72BAFD03-51F8-449A-8313-528C4C1D36CD}.Release|x64.ActiveCfg = Release|x64
		{72BAFD03-51F8-449A-8313-528C4C1D36CD}.Release|x64.Build.0 = Release|x64
		{72BAFD03-51F8-449A-8313-528C4C1D36CD}.Release|x86.ActiveCfg = Release|Win32
		{72BAFD03-51F8-449A-8313-528C4C1D36CD}.Release|x86.Build.0 = Release|Win32
	EndGlobalSection
	GlobalSection(SolutionProperties) = preSolution
		HideSolutionNode = FALSE
	EndGlobalSection
	GlobalSection(ExtensibilityGlobals) = postSolution
		SolutionGuid = {20719CD8-7616-4E10-A769-1BAED1B6BD50}
	EndGlobalSection
EndGlobal
